
Microsoft Visual Studio Solution File, Format Version 12.00
# Visual Studio Version 17
VisualStudioVersion = 17.8.34330.188
MinimumVisualStudioVersion = 10.0.40219.1
Project("{FAE04EC0-301F-11D3-BF4B-00C04F79EFBC}") = "Order.API", "Order.API\Order.API.csproj", "{9A9F869A-E340-4E33-B8C1-E5CE5C70F2B8}"
EndProject
Project("{FAE04EC0-301F-11D3-BF4B-00C04F79EFBC}") = "Payment.API", "Payment.API\Payment.API.csproj", "{266A0EF2-3891-4EFC-9654-37767BD10D3F}"
EndProject
Project("{FAE04EC0-301F-11D3-BF4B-00C04F79EFBC}") = "Stock.API", "Stock.API\Stock.API.csproj", "{418A6120-7455-40E1-8538-BADB6CA63E7D}"
EndProject
Project("{FAE04EC0-301F-11D3-BF4B-00C04F79EFBC}") = "Shared", "Shared\Shared.csproj", "{A0A18998-ACC1-4941-8900-131622CD3708}"
EndProject
Project("{FAE04EC0-301F-11D3-BF4B-00C04F79EFBC}") = "SagaStateMachine.Service", "SagaStateMachine.Service\SagaStateMachine.Service.csproj", "{0BE1C785-73C2-4611-806F-2EB0E2F776BD}"
EndProject
Global
	GlobalSection(SolutionConfigurationPlatforms) = preSolution
		Debug|Any CPU = Debug|Any CPU
		Release|Any CPU = Release|Any CPU
	EndGlobalSection
	GlobalSection(ProjectConfigurationPlatforms) = postSolution
		{9A9F869A-E340-4E33-B8C1-E5CE5C70F2B8}.Debug|Any CPU.ActiveCfg = Debug|Any CPU
		{9A9F869A-E340-4E33-B8C1-E5CE5C70F2B8}.Debug|Any CPU.Build.0 = Debug|Any CPU
		{9A9F869A-E340-4E33-B8C1-E5CE5C70F2B8}.Release|Any CPU.ActiveCfg = Release|Any CPU
		{9A9F869A-E340-4E33-B8C1-E5CE5C70F2B8}.Release|Any CPU.Build.0 = Release|Any CPU
		{266A0EF2-3891-4EFC-9654-37767BD10D3F}.Debug|Any CPU.ActiveCfg = Debug|Any CPU
		{266A0EF2-3891-4EFC-9654-37767BD10D3F}.Debug|Any CPU.Build.0 = Debug|Any CPU
		{266A0EF2-3891-4EFC-9654-37767BD10D3F}.Release|Any CPU.ActiveCfg = Release|Any CPU
		{266A0EF2-3891-4EFC-9654-37767BD10D3F}.Release|Any CPU.Build.0 = Release|Any CPU
		{418A6120-7455-40E1-8538-BADB6CA63E7D}.Debug|Any CPU.ActiveCfg = Debug|Any CPU
		{418A6120-7455-40E1-8538-BADB6CA63E7D}.Debug|Any CPU.Build.0 = Debug|Any CPU
		{418A6120-7455-40E1-8538-BADB6CA63E7D}.Release|Any CPU.ActiveCfg = Release|Any CPU
		{418A6120-7455-40E1-8538-BADB6CA63E7D}.Release|Any CPU.Build.0 = Release|Any CPU
		{A0A18998-ACC1-4941-8900-131622CD3708}.Debug|Any CPU.ActiveCfg = Debug|Any CPU
		{A0A18998-ACC1-4941-8900-131622CD3708}.Debug|Any CPU.Build.0 = Debug|Any CPU
		{A0A18998-ACC1-4941-8900-131622CD3708}.Release|Any CPU.ActiveCfg = Release|Any CPU
		{A0A18998-ACC1-4941-8900-131622CD3708}.Release|Any CPU.Build.0 = Release|Any CPU
		{0BE1C785-73C2-4611-806F-2EB0E2F776BD}.Debug|Any CPU.ActiveCfg = Debug|Any CPU
		{0BE1C785-73C2-4611-806F-2EB0E2F776BD}.Debug|Any CPU.Build.0 = Debug|Any CPU
		{0BE1C785-73C2-4611-806F-2EB0E2F776BD}.Release|Any CPU.ActiveCfg = Release|Any CPU
		{0BE1C785-73C2-4611-806F-2EB0E2F776BD}.Release|Any CPU.Build.0 = Release|Any CPU
	EndGlobalSection
	GlobalSection(SolutionProperties) = preSolution
		HideSolutionNode = FALSE
	EndGlobalSection
	GlobalSection(ExtensibilityGlobals) = postSolution
		SolutionGuid = {4F6AD543-A1AF-46EE-BD4F-2437F30B7302}
	EndGlobalSection
EndGlobal
